{
  "nodes": {
    "manager": {
      "inputs": {
        "nixpkgs": [
          "pkgs"
        ]
      },
      "locked": {
        "lastModified": 1611270612,
        "narHash": "sha256-tLQWDaKnrRTbkqm1am5fJM/eYNJUt/Mpr+6F7h28wNw=",
        "owner": "nix-community",
        "repo": "home-manager",
        "rev": "2c0e3f61da903613cc316cb992c8c07d92e1d186",
        "type": "github"
      },
      "original": {
        "owner": "nix-community",
        "repo": "home-manager",
        "type": "github"
      }
    },
    "pkgs": {
      "locked": {
        "lastModified": 1611420295,
        "narHash": "sha256-515H0urn0v9mhkwuub1jvRiutv4GZLYk1p5+f1TjpEA=",
        "owner": "kanashimia",
        "repo": "nixpkgs",
        "rev": "99b2774347350853f39cdc43f4f2679a75e0fd55",
        "type": "github"
      },
      "original": {
        "owner": "kanashimia",
        "repo": "nixpkgs",
        "type": "github"
      }
    },
    "root": {
      "inputs": {
        "manager": "manager",
        "pkgs": "pkgs"
      }
    }
  },
  "root": "root",
  "version": 7
}
