{
  "nodes": {
    "mailserver": {
      "inputs": {
        "nixpkgs": [
          "nixpkgs"
        ],
        "utils": "utils"
      },
      "locked": {
        "lastModified": 1624568578,
        "narHash": "sha256-E6mgpF2PVlPRWpyZBcpie6e03u2kAdWlveB6AI10Bos=",
        "owner": "simple-nixos-mailserver",
        "repo": "nixos-mailserver",
        "rev": "a9f87ca461a1f0e23e85a1ba8c696672ed9e11e2",
        "type": "gitlab"
      },
      "original": {
        "owner": "simple-nixos-mailserver",
        "repo": "nixos-mailserver",
        "type": "gitlab"
      }
    },
    "nixpkgs": {
      "locked": {
        "lastModified": 1625874246,
        "narHash": "sha256-7cGgcysIXz/j/lRpJn7cNJjf0+k7sQ5EuGn62252Svw=",
        "owner": "nixos",
        "repo": "nixpkgs",
        "rev": "45fc7d4a35c5343e58541a7847f6415654ccbb37",
        "type": "github"
      },
      "original": {
        "owner": "nixos",
        "ref": "nixos-unstable",
        "repo": "nixpkgs",
        "type": "github"
      }
    },
    "root": {
      "inputs": {
        "mailserver": "mailserver",
        "nixpkgs": "nixpkgs"
      }
    },
    "utils": {
      "locked": {
        "lastModified": 1605370193,
        "narHash": "sha256-YyMTf3URDL/otKdKgtoMChu4vfVL3vCMkRqpGifhUn0=",
        "owner": "numtide",
        "repo": "flake-utils",
        "rev": "5021eac20303a61fafe17224c087f5519baed54d",
        "type": "github"
      },
      "original": {
        "owner": "numtide",
        "repo": "flake-utils",
        "type": "github"
      }
    }
  },
  "root": "root",
  "version": 7
}
